{
  "name": "node-red-contrib-knx-ultimate",
  "version": "1.1.71",
  "lockfileVersion": 1,
  "requires": true,
  "dependencies": {
    "fs": {
      "version": "0.0.1-security",
      "resolved": "https://registry.npmjs.org/fs/-/fs-0.0.1-security.tgz",
      "integrity": "sha1-invTcYa23d84E/I4WLV+yq9eQdQ="
    },
    "knxultimate-api": {
      "version": "2.3.18",
      "requires": {
        "@types/node": "6.14.9",
        "binary-parser": "1.1.5",
        "binary-protocol": "0.0.0",
        "ipaddr.js": "1.2.0",
        "log-driver": "1.2.7",
        "machina": "4.0.2"
      },
      "dependencies": {
        "@babel/runtime": {
          "version": "7.8.4",
          "bundled": true,
          "requires": {
            "regenerator-runtime": "0.13.3"
          }
        },
        "@types/node": {
          "version": "6.14.9",
          "bundled": true
        },
        "balanced-match": {
          "version": "1.0.0",
          "bundled": true
        },
        "binary-parser": {
          "version": "1.1.5",
          "bundled": true
        },
        "binary-protocol": {
          "version": "0.0.0",
          "bundled": true,
          "requires": {
            "bluebird": "2.2.2"
          }
        },
        "bluebird": {
          "version": "2.2.2",
          "bundled": true
        },
        "brace-expansion": {
          "version": "1.1.11",
          "bundled": true,
          "requires": {
            "balanced-match": "1.0.0",
            "concat-map": "0.0.1"
          }
        },
        "concat-map": {
          "version": "0.0.1",
          "bundled": true
        },
        "deep-equal": {
          "version": "1.1.1",
          "bundled": true,
          "requires": {
            "is-arguments": "1.0.4",
            "is-date-object": "1.0.2",
            "is-regex": "1.0.5",
            "object-is": "1.0.2",
            "object-keys": "1.1.1",
            "regexp.prototype.flags": "1.3.0"
          }
        },
        "define-properties": {
          "version": "1.1.3",
          "bundled": true,
          "requires": {
            "object-keys": "1.1.1"
          }
        },
        "defined": {
          "version": "1.0.0",
          "bundled": true
        },
        "dotignore": {
          "version": "0.1.2",
          "bundled": true,
          "requires": {
            "minimatch": "3.0.4"
          }
        },
        "es-abstract": {
          "version": "1.17.4",
          "bundled": true,
          "requires": {
            "es-to-primitive": "1.2.1",
            "function-bind": "1.1.1",
            "has": "1.0.3",
            "has-symbols": "1.0.1",
            "is-callable": "1.1.5",
            "is-regex": "1.0.5",
            "object-inspect": "1.7.0",
            "object-keys": "1.1.1",
            "object.assign": "4.1.0",
            "string.prototype.trimleft": "2.1.1",
            "string.prototype.trimright": "2.1.1"
          }
        },
        "es-to-primitive": {
          "version": "1.2.1",
          "bundled": true,
          "requires": {
            "is-callable": "1.1.5",
            "is-date-object": "1.0.2",
            "is-symbol": "1.0.3"
          }
        },
        "events-to-array": {
          "version": "1.1.2",
          "bundled": true
        },
        "for-each": {
          "version": "0.3.3",
          "bundled": true,
          "requires": {
            "is-callable": "1.1.5"
          }
        },
        "fs.realpath": {
          "version": "1.0.0",
          "bundled": true
        },
        "function-bind": {
          "version": "1.1.1",
          "bundled": true
        },
        "glob": {
          "version": "7.1.6",
          "bundled": true,
          "requires": {
            "fs.realpath": "1.0.0",
            "inflight": "1.0.6",
            "inherits": "2.0.4",
            "minimatch": "3.0.4",
            "once": "1.4.0",
            "path-is-absolute": "1.0.1"
          }
        },
        "has": {
          "version": "1.0.3",
          "bundled": true,
          "requires": {
            "function-bind": "1.1.1"
          }
        },
        "has-symbols": {
          "version": "1.0.1",
          "bundled": true
        },
        "inflight": {
          "version": "1.0.6",
          "bundled": true,
          "requires": {
            "once": "1.4.0",
            "wrappy": "1.0.2"
          }
        },
        "inherits": {
          "version": "2.0.4",
          "bundled": true
        },
        "ipaddr.js": {
          "version": "1.2.0",
          "bundled": true
        },
        "is-arguments": {
          "version": "1.0.4",
          "bundled": true
        },
        "is-callable": {
          "version": "1.1.5",
          "bundled": true
        },
        "is-date-object": {
          "version": "1.0.2",
          "bundled": true
        },
        "is-regex": {
          "version": "1.0.5",
          "bundled": true,
          "requires": {
            "has": "1.0.3"
          }
        },
        "is-symbol": {
          "version": "1.0.3",
          "bundled": true,
          "requires": {
            "has-symbols": "1.0.1"
          }
        },
        "lodash": {
          "version": "4.17.15",
          "bundled": true
        },
        "log-driver": {
          "version": "1.2.7",
          "bundled": true
        },
        "machina": {
          "version": "4.0.2",
          "bundled": true,
          "requires": {
            "lodash": "4.17.15"
          }
        },
        "minimatch": {
          "version": "3.0.4",
          "bundled": true,
          "requires": {
            "brace-expansion": "1.1.11"
          }
        },
        "minimist": {
          "version": "1.2.0",
          "bundled": true
        },
        "minipass": {
          "version": "2.9.0",
          "bundled": true,
          "requires": {
            "safe-buffer": "5.2.0",
            "yallist": "3.1.1"
          }
        },
        "multi-tape": {
          "version": "1.3.1",
          "bundled": true,
          "requires": {
            "glob": "7.1.6",
            "minimist": "1.2.0",
            "stream-buffers": "3.0.2",
            "tap-parser": "9.3.3",
            "tee": "0.2.0"
          }
        },
        "object-inspect": {
          "version": "1.7.0",
          "bundled": true
        },
        "object-is": {
          "version": "1.0.2",
          "bundled": true
        },
        "object-keys": {
          "version": "1.1.1",
          "bundled": true
        },
        "object.assign": {
          "version": "4.1.0",
          "bundled": true,
          "requires": {
            "define-properties": "1.1.3",
            "function-bind": "1.1.1",
            "has-symbols": "1.0.1",
            "object-keys": "1.1.1"
          }
        },
        "once": {
          "version": "1.4.0",
          "bundled": true,
          "requires": {
            "wrappy": "1.0.2"
          }
        },
        "path-is-absolute": {
          "version": "1.0.1",
          "bundled": true
        },
        "path-parse": {
          "version": "1.0.6",
          "bundled": true
        },
        "regenerator-runtime": {
          "version": "0.13.3",
          "bundled": true
        },
        "regexp.prototype.flags": {
          "version": "1.3.0",
          "bundled": true,
          "requires": {
            "define-properties": "1.1.3",
            "es-abstract": "1.17.4"
          }
        },
        "resolve": {
          "version": "1.14.2",
          "bundled": true,
          "requires": {
            "path-parse": "1.0.6"
          }
        },
        "resumer": {
          "version": "0.0.0",
          "bundled": true,
          "requires": {
            "through": "2.3.8"
          },
          "dependencies": {
            "through": {
              "version": "2.3.8",
              "bundled": true
            }
          }
        },
        "safe-buffer": {
          "version": "5.2.0",
          "bundled": true
        },
        "stream-buffers": {
          "version": "3.0.2",
          "bundled": true
        },
        "string.prototype.trim": {
          "version": "1.2.1",
          "bundled": true,
          "requires": {
            "define-properties": "1.1.3",
            "es-abstract": "1.17.4",
            "function-bind": "1.1.1"
          }
        },
        "string.prototype.trimleft": {
          "version": "2.1.1",
          "bundled": true,
          "requires": {
            "define-properties": "1.1.3",
            "function-bind": "1.1.1"
          }
        },
        "string.prototype.trimright": {
          "version": "2.1.1",
          "bundled": true,
          "requires": {
            "define-properties": "1.1.3",
            "function-bind": "1.1.1"
          }
        },
        "tap-parser": {
          "version": "9.3.3",
          "bundled": true,
          "requires": {
            "events-to-array": "1.1.2",
            "minipass": "2.9.0",
            "tap-yaml": "1.0.0"
          }
        },
        "tap-yaml": {
          "version": "1.0.0",
          "bundled": true,
          "requires": {
            "yaml": "1.7.2"
          }
        },
        "tape": {
          "version": "4.13.0",
          "bundled": true,
          "requires": {
            "deep-equal": "1.1.1",
            "defined": "1.0.0",
            "dotignore": "0.1.2",
            "for-each": "0.3.3",
            "function-bind": "1.1.1",
            "glob": "7.1.6",
            "has": "1.0.3",
            "inherits": "2.0.4",
            "is-regex": "1.0.5",
            "minimist": "1.2.0",
            "object-inspect": "1.7.0",
            "resolve": "1.14.2",
            "resumer": "0.0.0",
            "string.prototype.trim": "1.2.1",
            "through": "2.3.8"
          },
          "dependencies": {
            "through": {
              "version": "2.3.8",
              "bundled": true
            }
          }
        },
        "tee": {
          "version": "0.2.0",
          "bundled": true,
          "requires": {
            "through": "1.1.2"
          }
        },
        "through": {
          "version": "1.1.2",
          "bundled": true
        },
        "wrappy": {
          "version": "1.0.2",
          "bundled": true
        },
        "yallist": {
          "version": "3.1.1",
          "bundled": true
        },
        "yaml": {
          "version": "1.7.2",
          "bundled": true,
          "requires": {
            "@babel/runtime": "7.8.4"
          }
        }
      }
    },
    "minimist": {
      "version": "0.0.8",
      "resolved": "https://registry.npmjs.org/minimist/-/minimist-0.0.8.tgz",
      "integrity": "sha1-hX/Kv8M5fSYluCKCYuhqp6ARsF0="
    },
    "mkdirp": {
      "version": "0.5.1",
      "resolved": "https://registry.npmjs.org/mkdirp/-/mkdirp-0.5.1.tgz",
      "integrity": "sha1-MAV0OOrGz3+MR2fzhkjWaX11yQM=",
      "requires": {
        "minimist": "0.0.8"
      }
    },
    "os": {
      "version": "0.1.1",
      "resolved": "https://registry.npmjs.org/os/-/os-0.1.1.tgz",
      "integrity": "sha1-IIhF6J4ZOtTZcUdLk5R3NqVtE/M="
    },
    "ping": {
      "version": "0.2.3",
      "resolved": "https://registry.npmjs.org/ping/-/ping-0.2.3.tgz",
      "integrity": "sha512-UiwPl9kpzYIE0iz+EUSjISoVCyg44YckaT3BQ60j4xYuRrxGKH4w3ICSyw6xe3va2zgzD9T0yB8h220PM0Elhg==",
      "requires": {
        "q": "1.5.1",
        "underscore": "1.10.2"
      }
    },
    "q": {
      "version": "1.5.1",
      "resolved": "https://registry.npmjs.org/q/-/q-1.5.1.tgz",
      "integrity": "sha1-fjL3W0E4EpHQRhHxvxQQmsAGUdc="
    },
    "underscore": {
      "version": "1.10.2",
      "resolved": "https://registry.npmjs.org/underscore/-/underscore-1.10.2.tgz",
      "integrity": "sha512-N4P+Q/BuyuEKFJ43B9gYuOj4TQUHXX+j2FqguVOpjkssLUUrnJofCcBccJSCoeturDoZU6GorDTHSvUDlSQbTg=="
    }
  }
}
